<?xml version="1.0" encoding="utf-8"?>
<Project ToolsVersion="4.0" xmlns="http://schemas.microsoft.com/developer/msbuild/2003">
  <ItemGroup>
    <Filter Include="Source Files">
      <UniqueIdentifier>{4FC737F1-C7A5-4376-A066-2A32D752A2FF}</UniqueIdentifier>
      <Extensions>cpp;c;cc;cxx;def;odl;idl;hpj;bat;asm;asmx</Extensions>
    </Filter>
    <Filter Include="Header Files">
      <UniqueIdentifier>{93995380-89BD-4b04-88EB-625FBE52EBFB}</UniqueIdentifier>
      <Extensions>h;hh;hpp;hxx;hm;inl;inc;xsd</Extensions>
    </Filter>
    <Filter Include="Resource Files">
      <UniqueIdentifier>{67DA6AB6-F800-4c08-8B7A-83BB121AAD01}</UniqueIdentifier>
      <Extensions>rc;ico;cur;bmp;dlg;rc2;rct;bin;rgs;gif;jpg;jpeg;jpe;resx;tiff;tif;png;wav;mfcribbon-ms</Extensions>
    </Filter>
    <Filter Include="Source Files\World">
      <UniqueIdentifier>{5917b963-3059-4997-a810-21d05d3a2795}</UniqueIdentifier>
    </Filter>
    <Filter Include="Source Files\Debug">
      <UniqueIdentifier>{66e46229-427d-4827-9992-9906f62e9b24}</UniqueIdentifier>
    </Filter>
    <Filter Include="Source Files\State">
      <UniqueIdentifier>{7fb5bc72-4a82-48c6-b70f-78acf70c999c}</UniqueIdentifier>
    </Filter>
    <Filter Include="Source Files\APEX">
      <UniqueIdentifier>{b161c79f-9dac-4219-88e4-dd1645669b4a}</UniqueIdentifier>
    </Filter>
  </ItemGroup>
  <ItemGroup>
    <ClCompile Include="src\World\AmmoDrop.cpp">
      <Filter>Source Files\World</Filter>
    </ClCompile>
    <ClCompile Include="src\World\Bed.cpp">
      <Filter>Source Files\World</Filter>
    </ClCompile>
    <ClCompile Include="src\World\Building.cpp">
      <Filter>Source Files\World</Filter>
    </ClCompile>
    <ClCompile Include="src\World\Bullet.cpp">
      <Filter>Source Files\World</Filter>
    </ClCompile>
    <ClCompile Include="src\World\BulletManager.cpp">
      <Filter>Source Files\World</Filter>
    </ClCompile>
    <ClCompile Include="src\World\Camera.cpp">
      <Filter>Source Files\World</Filter>
    </ClCompile>
    <ClCompile Include="src\World\Coin.cpp">
      <Filter>Source Files\World</Filter>
    </ClCompile>
    <ClCompile Include="src\World\ExitSensor.cpp">
      <Filter>Source Files\World</Filter>
    </ClCompile>
    <ClCompile Include="src\World\Gun.cpp">
      <Filter>Source Files\World</Filter>
    </ClCompile>
    <ClCompile Include="src\World\Item.cpp">
      <Filter>Source Files\World</Filter>
    </ClCompile>
    <ClCompile Include="src\World\Layer.cpp">
      <Filter>Source Files\World</Filter>
    </ClCompile>
    <ClCompile Include="src\World\LightManager.cpp">
      <Filter>Source Files\World</Filter>
    </ClCompile>
    <ClCompile Include="src\World\Map.cpp">
      <Filter>Source Files\World</Filter>
    </ClCompile>
    <ClCompile Include="src\World\Minimap.cpp">
      <Filter>Source Files\World</Filter>
    </ClCompile>
    <ClCompile Include="src\World\Mob.cpp">
      <Filter>Source Files\World</Filter>
    </ClCompile>
    <ClCompile Include="src\World\Player.cpp">
      <Filter>Source Files\World</Filter>
    </ClCompile>
    <ClCompile Include="src\World\Projectile.cpp">
      <Filter>Source Files\World</Filter>
    </ClCompile>
    <ClCompile Include="src\World\Sheep.cpp">
      <Filter>Source Files\World</Filter>
    </ClCompile>
    <ClCompile Include="src\World\SolidBlock.cpp">
      <Filter>Source Files\World</Filter>
    </ClCompile>
    <ClCompile Include="src\World\Tile.cpp">
      <Filter>Source Files\World</Filter>
    </ClCompile>
    <ClCompile Include="src\World\World.cpp">
      <Filter>Source Files\World</Filter>
    </ClCompile>
    <ClCompile Include="src\DustParticle.cpp">
      <Filter>Source Files</Filter>
    </ClCompile>
    <ClCompile Include="src\Game.cpp">
      <Filter>Source Files</Filter>
    </ClCompile>
    <ClCompile Include="src\HUD.cpp">
      <Filter>Source Files</Filter>
    </ClCompile>
    <ClCompile Include="src\PauseScreen.cpp">
      <Filter>Source Files</Filter>
    </ClCompile>
    <ClCompile Include="src\State\GameState.cpp">
      <Filter>Source Files\State</Filter>
    </ClCompile>
    <ClCompile Include="src\State\LoadingState.cpp">
      <Filter>Source Files\State</Filter>
    </ClCompile>
    <ClCompile Include="src\State\MainMenuState.cpp">
      <Filter>Source Files\State</Filter>
    </ClCompile>
    <ClCompile Include="src\main.cpp">
      <Filter>Source Files</Filter>
    </ClCompile>
    <ClCompile Include="src\World\Entity.cpp">
      <Filter>Source Files\World</Filter>
    </ClCompile>
    <ClCompile Include="src\World\AICharacter.cpp">
      <Filter>Source Files\World</Filter>
    </ClCompile>
    <ClCompile Include="src\ParticleEmitter.cpp">
      <Filter>Source Files</Filter>
    </ClCompile>
    <ClCompile Include="..\..\ApexEngine\ApexEngine\src\APEX\AbstractGame.cpp">
      <Filter>Source Files\APEX</Filter>
    </ClCompile>
    <ClCompile Include="..\..\ApexEngine\ApexEngine\src\APEX\ApexMain.cpp">
      <Filter>Source Files\APEX</Filter>
    </ClCompile>
    <ClCompile Include="..\..\ApexEngine\ApexEngine\src\APEX\WindowListener.cpp">
      <Filter>Source Files\APEX</Filter>
    </ClCompile>
    <ClCompile Include="..\..\ApexEngine\ApexEngine\src\APEX\Transition\ColorTransition.cpp">
      <Filter>Source Files\APEX</Filter>
    </ClCompile>
    <ClCompile Include="..\..\ApexEngine\ApexEngine\src\APEX\Transition\FloatTransition.cpp">
      <Filter>Source Files\APEX</Filter>
    </ClCompile>
    <ClCompile Include="..\..\ApexEngine\ApexEngine\src\APEX\Transition\IntTransition.cpp">
      <Filter>Source Files\APEX</Filter>
    </ClCompile>
    <ClCompile Include="..\..\ApexEngine\ApexEngine\src\APEX\Transition\TransformableTransition.cpp">
      <Filter>Source Files\APEX</Filter>
    </ClCompile>
    <ClCompile Include="..\..\ApexEngine\ApexEngine\src\APEX\Transition\Transition.cpp">
      <Filter>Source Files\APEX</Filter>
    </ClCompile>
    <ClCompile Include="..\..\ApexEngine\ApexEngine\src\APEX\Transition\TransitionChain.cpp">
      <Filter>Source Files\APEX</Filter>
    </ClCompile>
    <ClCompile Include="..\..\ApexEngine\ApexEngine\src\APEX\Transition\Vector2fTransition.cpp">
      <Filter>Source Files\APEX</Filter>
    </ClCompile>
    <ClCompile Include="..\..\ApexEngine\ApexEngine\src\APEX\State\BaseState.cpp">
      <Filter>Source Files\APEX</Filter>
    </ClCompile>
    <ClCompile Include="..\..\ApexEngine\ApexEngine\src\APEX\State\StateManager.cpp">
      <Filter>Source Files\APEX</Filter>
    </ClCompile>
    <ClCompile Include="..\..\ApexEngine\ApexEngine\src\APEX\Physics\ContactListener.cpp">
      <Filter>Source Files\APEX</Filter>
    </ClCompile>
    <ClCompile Include="..\..\ApexEngine\ApexEngine\src\APEX\Physics\PhysicsActor.cpp">
      <Filter>Source Files\APEX</Filter>
    </ClCompile>
    <ClCompile Include="..\..\ApexEngine\ApexEngine\src\APEX\Physics\PhysicsActorManager.cpp">
      <Filter>Source Files\APEX</Filter>
    </ClCompile>
    <ClCompile Include="..\..\ApexEngine\ApexEngine\src\APEX\IO\Audio.cpp">
      <Filter>Source Files\APEX</Filter>
    </ClCompile>
    <ClCompile Include="..\..\ApexEngine\ApexEngine\src\APEX\IO\KeyListener.cpp">
      <Filter>Source Files\APEX</Filter>
    </ClCompile>
    <ClCompile Include="..\..\ApexEngine\ApexEngine\src\APEX\IO\Mouse.cpp">
      <Filter>Source Files\APEX</Filter>
    </ClCompile>
    <ClCompile Include="..\..\ApexEngine\ApexEngine\src\APEX\IO\MouseListener.cpp">
      <Filter>Source Files\APEX</Filter>
    </ClCompile>
    <ClCompile Include="..\..\ApexEngine\ApexEngine\src\APEX\Graphics\Button.cpp">
      <Filter>Source Files\APEX</Filter>
    </ClCompile>
    <ClCompile Include="..\..\ApexEngine\ApexEngine\src\APEX\Graphics\DebugDraw.cpp">
      <Filter>Source Files\APEX</Filter>
    </ClCompile>
    <ClCompile Include="..\..\ApexEngine\ApexEngine\src\APEX\Graphics\Slider.cpp">
      <Filter>Source Files\APEX</Filter>
    </ClCompile>
    <ClCompile Include="..\..\ApexEngine\ApexEngine\src\APEX\Graphics\SpriteSheet.cpp">
      <Filter>Source Files\APEX</Filter>
    </ClCompile>
    <ClCompile Include="..\..\ApexEngine\ApexEngine\src\APEX\Graphics\Particle\Particle.cpp">
      <Filter>Source Files\APEX</Filter>
    </ClCompile>
    <ClCompile Include="..\..\ApexEngine\ApexEngine\src\APEX\Graphics\Particle\ParticleManager.cpp">
      <Filter>Source Files\APEX</Filter>
    </ClCompile>
    <ClCompile Include="..\..\ApexEngine\ApexEngine\src\APEX\Graphics\TextureManager.cpp">
      <Filter>Source Files\APEX</Filter>
    </ClCompile>
    <ClCompile Include="..\..\ApexEngine\ApexEngine\src\APEX\IO\Keyboard.cpp">
      <Filter>Source Files\APEX</Filter>
    </ClCompile>
    <ClCompile Include="src\ButtonList.cpp">
      <Filter>Source Files</Filter>
    </ClCompile>
    <ClCompile Include="src\Debug\ImGui.cpp">
      <Filter>Source Files\Debug</Filter>
    </ClCompile>
    <ClCompile Include="src\Debug\ImGuiStorage.cpp">
      <Filter>Source Files\Debug</Filter>
    </ClCompile>
  </ItemGroup>
  <ItemGroup>
    <ClInclude Include="include\World\Bed.h">
      <Filter>Source Files\World</Filter>
    </ClInclude>
    <ClInclude Include="include\World\Building.h">
      <Filter>Source Files\World</Filter>
    </ClInclude>
    <ClInclude Include="include\World\Bullet.h">
      <Filter>Source Files\World</Filter>
    </ClInclude>
    <ClInclude Include="include\World\BulletManager.h">
      <Filter>Source Files\World</Filter>
    </ClInclude>
    <ClInclude Include="include\World\Coin.h">
      <Filter>Source Files\World</Filter>
    </ClInclude>
    <ClInclude Include="include\World\Entity.h">
      <Filter>Source Files\World</Filter>
    </ClInclude>
    <ClInclude Include="include\World\ExitSensor.h">
      <Filter>Source Files\World</Filter>
    </ClInclude>
    <ClInclude Include="include\World\Gun.h">
      <Filter>Source Files\World</Filter>
    </ClInclude>
    <ClInclude Include="include\World\Interactable.h">
      <Filter>Source Files\World</Filter>
    </ClInclude>
    <ClInclude Include="include\World\Layer.h">
      <Filter>Source Files\World</Filter>
    </ClInclude>
    <ClInclude Include="include\World\Map.h">
      <Filter>Source Files\World</Filter>
    </ClInclude>
    <ClInclude Include="include\World\Minimap.h">
      <Filter>Source Files\World</Filter>
    </ClInclude>
    <ClInclude Include="include\World\Player.h">
      <Filter>Source Files\World</Filter>
    </ClInclude>
    <ClInclude Include="include\World\Projectile.h">
      <Filter>Source Files\World</Filter>
    </ClInclude>
    <ClInclude Include="include\World\Sheep.h">
      <Filter>Source Files\World</Filter>
    </ClInclude>
    <ClInclude Include="include\World\SolidBlock.h">
      <Filter>Source Files\World</Filter>
    </ClInclude>
    <ClInclude Include="include\World\Tile.h">
      <Filter>Source Files\World</Filter>
    </ClInclude>
    <ClInclude Include="include\World\TileSet.h">
      <Filter>Source Files\World</Filter>
    </ClInclude>
    <ClInclude Include="include\State\GameState.h">
      <Filter>Source Files\State</Filter>
    </ClInclude>
    <ClInclude Include="include\State\LoadingState.h">
      <Filter>Source Files\State</Filter>
    </ClInclude>
    <ClInclude Include="include\State\MainMenuState.h">
      <Filter>Source Files\State</Filter>
    </ClInclude>
    <ClInclude Include="include\DustParticle.h">
      <Filter>Source Files</Filter>
    </ClInclude>
    <ClInclude Include="include\enumerations.h">
      <Filter>Source Files</Filter>
    </ClInclude>
    <ClInclude Include="include\Game.h">
      <Filter>Source Files</Filter>
    </ClInclude>
    <ClInclude Include="include\HUD.h">
      <Filter>Source Files</Filter>
    </ClInclude>
    <ClInclude Include="include\ParticleEmitter.h">
      <Filter>Source Files</Filter>
    </ClInclude>
    <ClInclude Include="include\PauseScreen.h">
      <Filter>Source Files</Filter>
    </ClInclude>
    <ClInclude Include="include\World\AICharacter.h">
      <Filter>Source Files\World</Filter>
    </ClInclude>
    <ClInclude Include="include\World\Mob.h">
      <Filter>Source Files\World</Filter>
    </ClInclude>
    <ClInclude Include="include\World\World.h">
      <Filter>Source Files\World</Filter>
    </ClInclude>
    <ClInclude Include="include\World\Item.h">
      <Filter>Source Files\World</Filter>
    </ClInclude>
    <ClInclude Include="include\World\LightManager.h">
      <Filter>Source Files\World</Filter>
    </ClInclude>
    <ClInclude Include="include\World\Ammodrop.h">
      <Filter>Source Files\World</Filter>
    </ClInclude>
    <ClInclude Include="include\ButtonList.h">
      <Filter>Source Files</Filter>
    </ClInclude>
    <ClInclude Include="include\Debug\ImGui.h">
      <Filter>Source Files\Debug</Filter>
    </ClInclude>
    <ClInclude Include="include\World\Camera.h">
      <Filter>Source Files\World</Filter>
    </ClInclude>
    <ClInclude Include="include\Debug\ImGuiStorage.h">
      <Filter>Source Files\Debug</Filter>
    </ClInclude>
  </ItemGroup>
</Project>